
Microsoft Visual Studio Solution File, Format Version 12.00
# Visual Studio Version 17
VisualStudioVersion = 17.7.34221.43
MinimumVisualStudioVersion = 10.0.40219.1
Project("{FAE04EC0-301F-11D3-BF4B-00C04F79EFBC}") = "OpenXml-SpreadSheet", "OpenXml-SpreadSheet\OpenXml-SpreadSheet.csproj", "{7D24EB83-0DA5-4592-8DF6-A9C99F416EA7}"
EndProject
Global
	GlobalSection(SolutionConfigurationPlatforms) = preSolution
		Debug|Any CPU = Debug|Any CPU
		Release|Any CPU = Release|Any CPU
	EndGlobalSection
	GlobalSection(ProjectConfigurationPlatforms) = postSolution
		{7D24EB83-0DA5-4592-8DF6-A9C99F416EA7}.Debug|Any CPU.ActiveCfg = Debug|Any CPU
		{7D24EB83-0DA5-4592-8DF6-A9C99F416EA7}.Debug|Any CPU.Build.0 = Debug|Any CPU
		{7D24EB83-0DA5-4592-8DF6-A9C99F416EA7}.Release|Any CPU.ActiveCfg = Release|Any CPU
		{7D24EB83-0DA5-4592-8DF6-A9C99F416EA7}.Release|Any CPU.Build.0 = Release|Any CPU
	EndGlobalSection
	GlobalSection(SolutionProperties) = preSolution
		HideSolutionNode = FALSE
	EndGlobalSection
	GlobalSection(ExtensibilityGlobals) = postSolution
		SolutionGuid = {DBD4B499-3141-4849-A875-66BF92BF1C06}
	EndGlobalSection
EndGlobal
